
Microsoft Visual Studio Solution File, Format Version 12.00
Project("{2150E333-8FDC-42A3-9474-1A3956D46DE8}") = "src", "src", "{59B4A79D-9A02-4D3A-9398-9F6583D9D48C}"
EndProject
Project("{2150E333-8FDC-42A3-9474-1A3956D46DE8}") = "tests", "tests", "{D86F9299-2483-4504-B99D-5723F74ACA66}"
EndProject
Project("{FAE04EC0-301F-11D3-BF4B-00C04F79EFBC}") = "Uri", "src\Uri\Uri.csproj", "{B5AC7501-5162-4382-9504-FB90B4091E58}"
EndProject
Project("{FAE04EC0-301F-11D3-BF4B-00C04F79EFBC}") = "Uri.Tests.Unit", "tests\Uri.Tests.Unit\Uri.Tests.Unit.csproj", "{42E5DD66-2BC8-476C-953D-0FBBF1A0A25E}"
EndProject
Global
	GlobalSection(SolutionConfigurationPlatforms) = preSolution
		Debug|Any CPU = Debug|Any CPU
		Release|Any CPU = Release|Any CPU
	EndGlobalSection
	GlobalSection(NestedProjects) = preSolution
		{B5AC7501-5162-4382-9504-FB90B4091E58} = {59B4A79D-9A02-4D3A-9398-9F6583D9D48C}
		{42E5DD66-2BC8-476C-953D-0FBBF1A0A25E} = {D86F9299-2483-4504-B99D-5723F74ACA66}
	EndGlobalSection
	GlobalSection(ProjectConfigurationPlatforms) = postSolution
		{B5AC7501-5162-4382-9504-FB90B4091E58}.Debug|Any CPU.ActiveCfg = Debug|Any CPU
		{B5AC7501-5162-4382-9504-FB90B4091E58}.Debug|Any CPU.Build.0 = Debug|Any CPU
		{B5AC7501-5162-4382-9504-FB90B4091E58}.Release|Any CPU.ActiveCfg = Release|Any CPU
		{B5AC7501-5162-4382-9504-FB90B4091E58}.Release|Any CPU.Build.0 = Release|Any CPU
		{42E5DD66-2BC8-476C-953D-0FBBF1A0A25E}.Debug|Any CPU.ActiveCfg = Debug|Any CPU
		{42E5DD66-2BC8-476C-953D-0FBBF1A0A25E}.Debug|Any CPU.Build.0 = Debug|Any CPU
		{42E5DD66-2BC8-476C-953D-0FBBF1A0A25E}.Release|Any CPU.ActiveCfg = Release|Any CPU
		{42E5DD66-2BC8-476C-953D-0FBBF1A0A25E}.Release|Any CPU.Build.0 = Release|Any CPU
	EndGlobalSection
EndGlobal
