
Microsoft Visual Studio Solution File, Format Version 12.00
Project("{2150E333-8FDC-42A3-9474-1A3956D46DE8}") = "src", "src", "{59B4A79D-9A02-4D3A-9398-9F6583D9D48C}"
EndProject
Project("{2150E333-8FDC-42A3-9474-1A3956D46DE8}") = "tests", "tests", "{D86F9299-2483-4504-B99D-5723F74ACA66}"
EndProject
Project("{FAE04EC0-301F-11D3-BF4B-00C04F79EFBC}") = "Finity.Tests.Unit", "tests\Finity.Tests.Unit\Finity.Tests.Unit.csproj", "{42E5DD66-2BC8-476C-953D-0FBBF1A0A25E}"
EndProject
Project("{FAE04EC0-301F-11D3-BF4B-00C04F79EFBC}") = "Finity", "src\Finity\Finity.csproj", "{AFE93EDF-FC06-4B75-BE96-7EC80FC49F00}"
EndProject
Project("{FAE04EC0-301F-11D3-BF4B-00C04F79EFBC}") = "Finity.Sample", "src\Finity.Sample\Finity.Sample.csproj", "{B00F10C5-541A-4017-A212-D3D7DE4992B0}"
EndProject
Project("{FAE04EC0-301F-11D3-BF4B-00C04F79EFBC}") = "Finity.Pipeline", "src\Finity.Pipeline\Finity.Pipeline.csproj", "{38B7487F-DB85-4E17-8DF3-E7E453AF02ED}"
EndProject
Project("{FAE04EC0-301F-11D3-BF4B-00C04F79EFBC}") = "Finity.Extension", "src\Finity.Extension\Finity.Extension.csproj", "{483053F5-0775-4E52-A517-CD2AD7608E13}"
EndProject
Project("{FAE04EC0-301F-11D3-BF4B-00C04F79EFBC}") = "Finity.Monitoring", "src\Finity.Monitoring\Finity.Monitoring.csproj", "{8C129019-02FA-4D06-8C2A-537B897B613C}"
EndProject
Global
	GlobalSection(SolutionConfigurationPlatforms) = preSolution
		Debug|Any CPU = Debug|Any CPU
		Release|Any CPU = Release|Any CPU
	EndGlobalSection
	GlobalSection(NestedProjects) = preSolution
		{42E5DD66-2BC8-476C-953D-0FBBF1A0A25E} = {D86F9299-2483-4504-B99D-5723F74ACA66}
		{AFE93EDF-FC06-4B75-BE96-7EC80FC49F00} = {59B4A79D-9A02-4D3A-9398-9F6583D9D48C}
		{B00F10C5-541A-4017-A212-D3D7DE4992B0} = {59B4A79D-9A02-4D3A-9398-9F6583D9D48C}
		{38B7487F-DB85-4E17-8DF3-E7E453AF02ED} = {59B4A79D-9A02-4D3A-9398-9F6583D9D48C}
		{483053F5-0775-4E52-A517-CD2AD7608E13} = {59B4A79D-9A02-4D3A-9398-9F6583D9D48C}
		{8C129019-02FA-4D06-8C2A-537B897B613C} = {59B4A79D-9A02-4D3A-9398-9F6583D9D48C}
	EndGlobalSection
	GlobalSection(ProjectConfigurationPlatforms) = postSolution
		{42E5DD66-2BC8-476C-953D-0FBBF1A0A25E}.Debug|Any CPU.ActiveCfg = Debug|Any CPU
		{42E5DD66-2BC8-476C-953D-0FBBF1A0A25E}.Debug|Any CPU.Build.0 = Debug|Any CPU
		{42E5DD66-2BC8-476C-953D-0FBBF1A0A25E}.Release|Any CPU.ActiveCfg = Release|Any CPU
		{42E5DD66-2BC8-476C-953D-0FBBF1A0A25E}.Release|Any CPU.Build.0 = Release|Any CPU
		{AFE93EDF-FC06-4B75-BE96-7EC80FC49F00}.Debug|Any CPU.ActiveCfg = Debug|Any CPU
		{AFE93EDF-FC06-4B75-BE96-7EC80FC49F00}.Debug|Any CPU.Build.0 = Debug|Any CPU
		{AFE93EDF-FC06-4B75-BE96-7EC80FC49F00}.Release|Any CPU.ActiveCfg = Release|Any CPU
		{AFE93EDF-FC06-4B75-BE96-7EC80FC49F00}.Release|Any CPU.Build.0 = Release|Any CPU
		{B00F10C5-541A-4017-A212-D3D7DE4992B0}.Debug|Any CPU.ActiveCfg = Debug|Any CPU
		{B00F10C5-541A-4017-A212-D3D7DE4992B0}.Debug|Any CPU.Build.0 = Debug|Any CPU
		{B00F10C5-541A-4017-A212-D3D7DE4992B0}.Release|Any CPU.ActiveCfg = Release|Any CPU
		{B00F10C5-541A-4017-A212-D3D7DE4992B0}.Release|Any CPU.Build.0 = Release|Any CPU
		{38B7487F-DB85-4E17-8DF3-E7E453AF02ED}.Debug|Any CPU.ActiveCfg = Debug|Any CPU
		{38B7487F-DB85-4E17-8DF3-E7E453AF02ED}.Debug|Any CPU.Build.0 = Debug|Any CPU
		{38B7487F-DB85-4E17-8DF3-E7E453AF02ED}.Release|Any CPU.ActiveCfg = Release|Any CPU
		{38B7487F-DB85-4E17-8DF3-E7E453AF02ED}.Release|Any CPU.Build.0 = Release|Any CPU
		{483053F5-0775-4E52-A517-CD2AD7608E13}.Debug|Any CPU.ActiveCfg = Debug|Any CPU
		{483053F5-0775-4E52-A517-CD2AD7608E13}.Debug|Any CPU.Build.0 = Debug|Any CPU
		{483053F5-0775-4E52-A517-CD2AD7608E13}.Release|Any CPU.ActiveCfg = Release|Any CPU
		{483053F5-0775-4E52-A517-CD2AD7608E13}.Release|Any CPU.Build.0 = Release|Any CPU
		{8C129019-02FA-4D06-8C2A-537B897B613C}.Debug|Any CPU.ActiveCfg = Debug|Any CPU
		{8C129019-02FA-4D06-8C2A-537B897B613C}.Debug|Any CPU.Build.0 = Debug|Any CPU
		{8C129019-02FA-4D06-8C2A-537B897B613C}.Release|Any CPU.ActiveCfg = Release|Any CPU
		{8C129019-02FA-4D06-8C2A-537B897B613C}.Release|Any CPU.Build.0 = Release|Any CPU
	EndGlobalSection
EndGlobal
